
Microsoft Visual Studio Solution File, Format Version 12.00
# Visual Studio Version 16
VisualStudioVersion = 16.0.30114.105
MinimumVisualStudioVersion = 10.0.40219.1
Project("{2150E333-8FDC-42A3-9474-1A3956D46DE8}") = "src", "src", "{5BA66B48-C243-4F8D-B0B9-E3173E252A11}"
EndProject
Project("{F2A71F9B-5D33-465A-A702-920D77279786}") = "Cli", "src\Cli\Cli.fsproj", "{F3743811-002B-4D4A-B9EC-D3BE94F1E49F}"
EndProject
Project("{2150E333-8FDC-42A3-9474-1A3956D46DE8}") = "test", "test", "{18DD92BB-474D-4C84-9195-C230489CF0D4}"
EndProject
Project("{F2A71F9B-5D33-465A-A702-920D77279786}") = "LogicTests", "test\LogicTests\LogicTests.fsproj", "{21B9908D-5368-4FE3-B00B-3FFED9B33D7F}"
EndProject
Project("{F2A71F9B-5D33-465A-A702-920D77279786}") = "Services", "src\Services\Services.fsproj", "{FAF3DE64-9771-48BA-B597-955C21BFE7B5}"
EndProject
Project("{F2A71F9B-5D33-465A-A702-920D77279786}") = "IntegrationTests", "test\IntegrationTests\IntegrationTests.fsproj", "{0450CE02-B3FE-4B80-BB23-97AB2A9E57A8}"
EndProject
Project("{F2A71F9B-5D33-465A-A702-920D77279786}") = "Logic", "src\Logic\Logic.fsproj", "{7D3E1D40-1FDF-4545-88A9-D1460D7B5A23}"
EndProject
Global
	GlobalSection(SolutionConfigurationPlatforms) = preSolution
		Debug|Any CPU = Debug|Any CPU
		Debug|x64 = Debug|x64
		Debug|x86 = Debug|x86
		Release|Any CPU = Release|Any CPU
		Release|x64 = Release|x64
		Release|x86 = Release|x86
	EndGlobalSection
	GlobalSection(SolutionProperties) = preSolution
		HideSolutionNode = FALSE
	EndGlobalSection
	GlobalSection(ProjectConfigurationPlatforms) = postSolution
		{F3743811-002B-4D4A-B9EC-D3BE94F1E49F}.Debug|Any CPU.ActiveCfg = Debug|Any CPU
		{F3743811-002B-4D4A-B9EC-D3BE94F1E49F}.Debug|Any CPU.Build.0 = Debug|Any CPU
		{F3743811-002B-4D4A-B9EC-D3BE94F1E49F}.Debug|x64.ActiveCfg = Debug|Any CPU
		{F3743811-002B-4D4A-B9EC-D3BE94F1E49F}.Debug|x64.Build.0 = Debug|Any CPU
		{F3743811-002B-4D4A-B9EC-D3BE94F1E49F}.Debug|x86.ActiveCfg = Debug|Any CPU
		{F3743811-002B-4D4A-B9EC-D3BE94F1E49F}.Debug|x86.Build.0 = Debug|Any CPU
		{F3743811-002B-4D4A-B9EC-D3BE94F1E49F}.Release|Any CPU.ActiveCfg = Release|Any CPU
		{F3743811-002B-4D4A-B9EC-D3BE94F1E49F}.Release|Any CPU.Build.0 = Release|Any CPU
		{F3743811-002B-4D4A-B9EC-D3BE94F1E49F}.Release|x64.ActiveCfg = Release|Any CPU
		{F3743811-002B-4D4A-B9EC-D3BE94F1E49F}.Release|x64.Build.0 = Release|Any CPU
		{F3743811-002B-4D4A-B9EC-D3BE94F1E49F}.Release|x86.ActiveCfg = Release|Any CPU
		{F3743811-002B-4D4A-B9EC-D3BE94F1E49F}.Release|x86.Build.0 = Release|Any CPU
		{21B9908D-5368-4FE3-B00B-3FFED9B33D7F}.Debug|Any CPU.ActiveCfg = Debug|Any CPU
		{21B9908D-5368-4FE3-B00B-3FFED9B33D7F}.Debug|Any CPU.Build.0 = Debug|Any CPU
		{21B9908D-5368-4FE3-B00B-3FFED9B33D7F}.Debug|x64.ActiveCfg = Debug|Any CPU
		{21B9908D-5368-4FE3-B00B-3FFED9B33D7F}.Debug|x64.Build.0 = Debug|Any CPU
		{21B9908D-5368-4FE3-B00B-3FFED9B33D7F}.Debug|x86.ActiveCfg = Debug|Any CPU
		{21B9908D-5368-4FE3-B00B-3FFED9B33D7F}.Debug|x86.Build.0 = Debug|Any CPU
		{21B9908D-5368-4FE3-B00B-3FFED9B33D7F}.Release|Any CPU.ActiveCfg = Release|Any CPU
		{21B9908D-5368-4FE3-B00B-3FFED9B33D7F}.Release|Any CPU.Build.0 = Release|Any CPU
		{21B9908D-5368-4FE3-B00B-3FFED9B33D7F}.Release|x64.ActiveCfg = Release|Any CPU
		{21B9908D-5368-4FE3-B00B-3FFED9B33D7F}.Release|x64.Build.0 = Release|Any CPU
		{21B9908D-5368-4FE3-B00B-3FFED9B33D7F}.Release|x86.ActiveCfg = Release|Any CPU
		{21B9908D-5368-4FE3-B00B-3FFED9B33D7F}.Release|x86.Build.0 = Release|Any CPU
		{FAF3DE64-9771-48BA-B597-955C21BFE7B5}.Debug|Any CPU.ActiveCfg = Debug|Any CPU
		{FAF3DE64-9771-48BA-B597-955C21BFE7B5}.Debug|Any CPU.Build.0 = Debug|Any CPU
		{FAF3DE64-9771-48BA-B597-955C21BFE7B5}.Debug|x64.ActiveCfg = Debug|Any CPU
		{FAF3DE64-9771-48BA-B597-955C21BFE7B5}.Debug|x64.Build.0 = Debug|Any CPU
		{FAF3DE64-9771-48BA-B597-955C21BFE7B5}.Debug|x86.ActiveCfg = Debug|Any CPU
		{FAF3DE64-9771-48BA-B597-955C21BFE7B5}.Debug|x86.Build.0 = Debug|Any CPU
		{FAF3DE64-9771-48BA-B597-955C21BFE7B5}.Release|Any CPU.ActiveCfg = Release|Any CPU
		{FAF3DE64-9771-48BA-B597-955C21BFE7B5}.Release|Any CPU.Build.0 = Release|Any CPU
		{FAF3DE64-9771-48BA-B597-955C21BFE7B5}.Release|x64.ActiveCfg = Release|Any CPU
		{FAF3DE64-9771-48BA-B597-955C21BFE7B5}.Release|x64.Build.0 = Release|Any CPU
		{FAF3DE64-9771-48BA-B597-955C21BFE7B5}.Release|x86.ActiveCfg = Release|Any CPU
		{FAF3DE64-9771-48BA-B597-955C21BFE7B5}.Release|x86.Build.0 = Release|Any CPU
		{0450CE02-B3FE-4B80-BB23-97AB2A9E57A8}.Debug|Any CPU.ActiveCfg = Debug|Any CPU
		{0450CE02-B3FE-4B80-BB23-97AB2A9E57A8}.Debug|Any CPU.Build.0 = Debug|Any CPU
		{0450CE02-B3FE-4B80-BB23-97AB2A9E57A8}.Debug|x64.ActiveCfg = Debug|Any CPU
		{0450CE02-B3FE-4B80-BB23-97AB2A9E57A8}.Debug|x64.Build.0 = Debug|Any CPU
		{0450CE02-B3FE-4B80-BB23-97AB2A9E57A8}.Debug|x86.ActiveCfg = Debug|Any CPU
		{0450CE02-B3FE-4B80-BB23-97AB2A9E57A8}.Debug|x86.Build.0 = Debug|Any CPU
		{0450CE02-B3FE-4B80-BB23-97AB2A9E57A8}.Release|Any CPU.ActiveCfg = Release|Any CPU
		{0450CE02-B3FE-4B80-BB23-97AB2A9E57A8}.Release|Any CPU.Build.0 = Release|Any CPU
		{0450CE02-B3FE-4B80-BB23-97AB2A9E57A8}.Release|x64.ActiveCfg = Release|Any CPU
		{0450CE02-B3FE-4B80-BB23-97AB2A9E57A8}.Release|x64.Build.0 = Release|Any CPU
		{0450CE02-B3FE-4B80-BB23-97AB2A9E57A8}.Release|x86.ActiveCfg = Release|Any CPU
		{0450CE02-B3FE-4B80-BB23-97AB2A9E57A8}.Release|x86.Build.0 = Release|Any CPU
		{7D3E1D40-1FDF-4545-88A9-D1460D7B5A23}.Debug|Any CPU.ActiveCfg = Debug|Any CPU
		{7D3E1D40-1FDF-4545-88A9-D1460D7B5A23}.Debug|Any CPU.Build.0 = Debug|Any CPU
		{7D3E1D40-1FDF-4545-88A9-D1460D7B5A23}.Debug|x64.ActiveCfg = Debug|Any CPU
		{7D3E1D40-1FDF-4545-88A9-D1460D7B5A23}.Debug|x64.Build.0 = Debug|Any CPU
		{7D3E1D40-1FDF-4545-88A9-D1460D7B5A23}.Debug|x86.ActiveCfg = Debug|Any CPU
		{7D3E1D40-1FDF-4545-88A9-D1460D7B5A23}.Debug|x86.Build.0 = Debug|Any CPU
		{7D3E1D40-1FDF-4545-88A9-D1460D7B5A23}.Release|Any CPU.ActiveCfg = Release|Any CPU
		{7D3E1D40-1FDF-4545-88A9-D1460D7B5A23}.Release|Any CPU.Build.0 = Release|Any CPU
		{7D3E1D40-1FDF-4545-88A9-D1460D7B5A23}.Release|x64.ActiveCfg = Release|Any CPU
		{7D3E1D40-1FDF-4545-88A9-D1460D7B5A23}.Release|x64.Build.0 = Release|Any CPU
		{7D3E1D40-1FDF-4545-88A9-D1460D7B5A23}.Release|x86.ActiveCfg = Release|Any CPU
		{7D3E1D40-1FDF-4545-88A9-D1460D7B5A23}.Release|x86.Build.0 = Release|Any CPU
	EndGlobalSection
	GlobalSection(NestedProjects) = preSolution
		{F3743811-002B-4D4A-B9EC-D3BE94F1E49F} = {5BA66B48-C243-4F8D-B0B9-E3173E252A11}
		{21B9908D-5368-4FE3-B00B-3FFED9B33D7F} = {18DD92BB-474D-4C84-9195-C230489CF0D4}
		{FAF3DE64-9771-48BA-B597-955C21BFE7B5} = {5BA66B48-C243-4F8D-B0B9-E3173E252A11}
		{0450CE02-B3FE-4B80-BB23-97AB2A9E57A8} = {18DD92BB-474D-4C84-9195-C230489CF0D4}
		{7D3E1D40-1FDF-4545-88A9-D1460D7B5A23} = {5BA66B48-C243-4F8D-B0B9-E3173E252A11}
	EndGlobalSection
EndGlobal
